
Microsoft Visual Studio Solution File, Format Version 12.00
# Visual Studio 14
VisualStudioVersion = 14.0.25420.1
MinimumVisualStudioVersion = 10.0.40219.1
Project("{FAE04EC0-301F-11D3-BF4B-00C04F79EFBC}") = "CouchbaseAPIMVC", "CouchbaseAPIMVC\CouchbaseAPIMVC.csproj", "{64F2F3DB-5C01-48EA-86F1-7B68A7E2199C}"
EndProject
Project("{FAE04EC0-301F-11D3-BF4B-00C04F79EFBC}") = "Couchbase.AspNet.Identity", "Couchbase.AspNet.Identity\Couchbase.AspNet.Identity.csproj", "{C6C0A42E-2783-4F5B-8904-05F0079E06BF}"
EndProject
Project("{2150E333-8FDC-42A3-9474-1A3956D46DE8}") = ".nuget", ".nuget", "{6DCB5772-3D37-4CBD-8884-FA7A392384EC}"
	ProjectSection(SolutionItems) = preProject
		.nuget\NuGet.Config = .nuget\NuGet.Config
		.nuget\NuGet.exe = .nuget\NuGet.exe
		.nuget\NuGet.targets = .nuget\NuGet.targets
	EndProjectSection
EndProject
Project("{FAE04EC0-301F-11D3-BF4B-00C04F79EFBC}") = "ew.core", "ew.core\ew.core.csproj", "{9FFE5002-974C-457D-B01F-8CC37926997E}"
EndProject
Project("{FAE04EC0-301F-11D3-BF4B-00C04F79EFBC}") = "ew.web", "ew.web\ew.web.csproj", "{E4773E12-812C-4450-BBD0-7CAC78BACE02}"
EndProject
Project("{FAE04EC0-301F-11D3-BF4B-00C04F79EFBC}") = "ew.application", "ew.application\ew.application.csproj", "{CE64DB45-FD1B-4DAA-A965-3AE0B869AAA7}"
EndProject
Project("{FAE04EC0-301F-11D3-BF4B-00C04F79EFBC}") = "ew.infrastructure", "ew.infrastructure\ew.infrastructure.csproj", "{261BBCC9-C854-485A-9EA7-B50D9941E476}"
EndProject
Project("{FAE04EC0-301F-11D3-BF4B-00C04F79EFBC}") = "ew.common", "ew.common\ew.common.csproj", "{4B05811F-36A8-4DF4-8D67-28F3A685DBAF}"
EndProject
Project("{FAE04EC0-301F-11D3-BF4B-00C04F79EFBC}") = "ew.webapi", "ew.webapi\ew.webapi.csproj", "{2FC22113-13C0-47E2-8469-B65AD7E86DFF}"
EndProject
Global
	GlobalSection(SolutionConfigurationPlatforms) = preSolution
		Debug|Any CPU = Debug|Any CPU
		Release|Any CPU = Release|Any CPU
	EndGlobalSection
	GlobalSection(ProjectConfigurationPlatforms) = postSolution
		{64F2F3DB-5C01-48EA-86F1-7B68A7E2199C}.Debug|Any CPU.ActiveCfg = Debug|Any CPU
		{64F2F3DB-5C01-48EA-86F1-7B68A7E2199C}.Debug|Any CPU.Build.0 = Debug|Any CPU
		{64F2F3DB-5C01-48EA-86F1-7B68A7E2199C}.Release|Any CPU.ActiveCfg = Release|Any CPU
		{64F2F3DB-5C01-48EA-86F1-7B68A7E2199C}.Release|Any CPU.Build.0 = Release|Any CPU
		{C6C0A42E-2783-4F5B-8904-05F0079E06BF}.Debug|Any CPU.ActiveCfg = Debug|Any CPU
		{C6C0A42E-2783-4F5B-8904-05F0079E06BF}.Debug|Any CPU.Build.0 = Debug|Any CPU
		{C6C0A42E-2783-4F5B-8904-05F0079E06BF}.Release|Any CPU.ActiveCfg = Release|Any CPU
		{C6C0A42E-2783-4F5B-8904-05F0079E06BF}.Release|Any CPU.Build.0 = Release|Any CPU
		{9FFE5002-974C-457D-B01F-8CC37926997E}.Debug|Any CPU.ActiveCfg = Debug|Any CPU
		{9FFE5002-974C-457D-B01F-8CC37926997E}.Debug|Any CPU.Build.0 = Debug|Any CPU
		{9FFE5002-974C-457D-B01F-8CC37926997E}.Release|Any CPU.ActiveCfg = Release|Any CPU
		{9FFE5002-974C-457D-B01F-8CC37926997E}.Release|Any CPU.Build.0 = Release|Any CPU
		{E4773E12-812C-4450-BBD0-7CAC78BACE02}.Debug|Any CPU.ActiveCfg = Debug|Any CPU
		{E4773E12-812C-4450-BBD0-7CAC78BACE02}.Debug|Any CPU.Build.0 = Debug|Any CPU
		{E4773E12-812C-4450-BBD0-7CAC78BACE02}.Release|Any CPU.ActiveCfg = Release|Any CPU
		{E4773E12-812C-4450-BBD0-7CAC78BACE02}.Release|Any CPU.Build.0 = Release|Any CPU
		{CE64DB45-FD1B-4DAA-A965-3AE0B869AAA7}.Debug|Any CPU.ActiveCfg = Debug|Any CPU
		{CE64DB45-FD1B-4DAA-A965-3AE0B869AAA7}.Debug|Any CPU.Build.0 = Debug|Any CPU
		{CE64DB45-FD1B-4DAA-A965-3AE0B869AAA7}.Release|Any CPU.ActiveCfg = Release|Any CPU
		{CE64DB45-FD1B-4DAA-A965-3AE0B869AAA7}.Release|Any CPU.Build.0 = Release|Any CPU
		{261BBCC9-C854-485A-9EA7-B50D9941E476}.Debug|Any CPU.ActiveCfg = Debug|Any CPU
		{261BBCC9-C854-485A-9EA7-B50D9941E476}.Debug|Any CPU.Build.0 = Debug|Any CPU
		{261BBCC9-C854-485A-9EA7-B50D9941E476}.Release|Any CPU.ActiveCfg = Release|Any CPU
		{261BBCC9-C854-485A-9EA7-B50D9941E476}.Release|Any CPU.Build.0 = Release|Any CPU
		{4B05811F-36A8-4DF4-8D67-28F3A685DBAF}.Debug|Any CPU.ActiveCfg = Debug|Any CPU
		{4B05811F-36A8-4DF4-8D67-28F3A685DBAF}.Debug|Any CPU.Build.0 = Debug|Any CPU
		{4B05811F-36A8-4DF4-8D67-28F3A685DBAF}.Release|Any CPU.ActiveCfg = Release|Any CPU
		{4B05811F-36A8-4DF4-8D67-28F3A685DBAF}.Release|Any CPU.Build.0 = Release|Any CPU
		{2FC22113-13C0-47E2-8469-B65AD7E86DFF}.Debug|Any CPU.ActiveCfg = Debug|Any CPU
		{2FC22113-13C0-47E2-8469-B65AD7E86DFF}.Debug|Any CPU.Build.0 = Debug|Any CPU
		{2FC22113-13C0-47E2-8469-B65AD7E86DFF}.Release|Any CPU.ActiveCfg = Release|Any CPU
		{2FC22113-13C0-47E2-8469-B65AD7E86DFF}.Release|Any CPU.Build.0 = Release|Any CPU
	EndGlobalSection
	GlobalSection(SolutionProperties) = preSolution
		HideSolutionNode = FALSE
	EndGlobalSection
EndGlobal
